Microsoft Visual Studio Solution File, Format Version 12.00
# Visual Studio Version 17
VisualStudioVersion = 17.5.2.0
MinimumVisualStudioVersion = 10.0.40219.1
Project("{FAE04EC0-301F-11D3-BF4B-00C04F79EFBC}") = "AssignmentXts", "AssignmentXts\AssignmentXts.csproj", "{82F37B38-4F48-D20B-A333-3A2FA51597A3}"
EndProject
Global
	GlobalSection(SolutionConfigurationPlatforms) = preSolution
		Debug|Any CPU = Debug|Any CPU
		Release|Any CPU = Release|Any CPU
	EndGlobalSection
	GlobalSection(ProjectConfigurationPlatforms) = postSolution
		{82F37B38-4F48-D20B-A333-3A2FA51597A3}.Debug|Any CPU.ActiveCfg = Debug|Any CPU
		{82F37B38-4F48-D20B-A333-3A2FA51597A3}.Debug|Any CPU.Build.0 = Debug|Any CPU
		{82F37B38-4F48-D20B-A333-3A2FA51597A3}.Release|Any CPU.ActiveCfg = Release|Any CPU
		{82F37B38-4F48-D20B-A333-3A2FA51597A3}.Release|Any CPU.Build.0 = Release|Any CPU
	EndGlobalSection
	GlobalSection(SolutionProperties) = preSolution
		HideSolutionNode = FALSE
	EndGlobalSection
	GlobalSection(ExtensibilityGlobals) = postSolution
		SolutionGuid = {0E59F13D-3103-4CA6-A63F-4064C4ECD205}
	EndGlobalSection
EndGlobal
